{
  "name": "@sandbox/plugin",
  "version": "1.0.0",
  "lockfileVersion": 2,
  "requires": true,
  "packages": {
    "": {
      "name": "@sandbox/plugin",
      "version": "1.0.0",
      "license": "ISC",
      "peerDependencies": {
        "@sandbox/base": "^1"
      }
    },
    "node_modules/@sandbox/base": {
      "version": "1.0.0",
      "resolved": "http://localhost:4873/@sandbox%2fbase/-/base-1.0.0.tgz",
      "integrity": "sha512-ORvWKnAerceX5vOwnWVQ0EtulO6W3c6/S/7kGYP4d1C9CpVqISPZuiHNBk9vtAV0OqmRqBS3M03WD2jIVSkWIA==",
      "license": "ISC",
      "peer": true
    }
  },
  "dependencies": {
    "@sandbox/base": {
      "version": "1.0.0",
      "resolved": "http://localhost:4873/@sandbox%2fbase/-/base-1.0.0.tgz",
      "integrity": "sha512-ORvWKnAerceX5vOwnWVQ0EtulO6W3c6/S/7kGYP4d1C9CpVqISPZuiHNBk9vtAV0OqmRqBS3M03WD2jIVSkWIA==",
      "peer": true
    }
  }
}
